
Microsoft Visual Studio Solution File, Format Version 12.00
# Visual Studio Version 17
VisualStudioVersion = 17.7.34221.43
MinimumVisualStudioVersion = 10.0.40219.1
Project("{FAE04EC0-301F-11D3-BF4B-00C04F79EFBC}") = "Labb3_Polymorphism", "Labb3_Polymorphism\Labb3_Polymorphism.csproj", "{45EDD4C6-534B-4E3A-839A-DBAB7EB1A708}"
EndProject
Global
	GlobalSection(SolutionConfigurationPlatforms) = preSolution
		Debug|Any CPU = Debug|Any CPU
		Release|Any CPU = Release|Any CPU
	EndGlobalSection
	GlobalSection(ProjectConfigurationPlatforms) = postSolution
		{45EDD4C6-534B-4E3A-839A-DBAB7EB1A708}.Debug|Any CPU.ActiveCfg = Debug|Any CPU
		{45EDD4C6-534B-4E3A-839A-DBAB7EB1A708}.Debug|Any CPU.Build.0 = Debug|Any CPU
		{45EDD4C6-534B-4E3A-839A-DBAB7EB1A708}.Release|Any CPU.ActiveCfg = Release|Any CPU
		{45EDD4C6-534B-4E3A-839A-DBAB7EB1A708}.Release|Any CPU.Build.0 = Release|Any CPU
	EndGlobalSection
	GlobalSection(SolutionProperties) = preSolution
		HideSolutionNode = FALSE
	EndGlobalSection
	GlobalSection(ExtensibilityGlobals) = postSolution
		SolutionGuid = {796A4470-59AB-43BA-911D-B65FFFC30F93}
	EndGlobalSection
EndGlobal
